
Microsoft Visual Studio Solution File, Format Version 12.00
# Visual Studio Version 17
VisualStudioVersion = 17.5.002.0
MinimumVisualStudioVersion = 10.0.40219.1
Project("{9A19103F-16F7-4668-BE54-9A1E7A4F7556}") = "algoritmos 2", "algoritmos 2.csproj", "{8B064B7C-FC34-44EF-A64F-31CE10DA3322}"
EndProject
Global
	GlobalSection(SolutionConfigurationPlatforms) = preSolution
		Debug|Any CPU = Debug|Any CPU
		Release|Any CPU = Release|Any CPU
	EndGlobalSection
	GlobalSection(ProjectConfigurationPlatforms) = postSolution
		{8B064B7C-FC34-44EF-A64F-31CE10DA3322}.Debug|Any CPU.ActiveCfg = Debug|Any CPU
		{8B064B7C-FC34-44EF-A64F-31CE10DA3322}.Debug|Any CPU.Build.0 = Debug|Any CPU
		{8B064B7C-FC34-44EF-A64F-31CE10DA3322}.Release|Any CPU.ActiveCfg = Release|Any CPU
		{8B064B7C-FC34-44EF-A64F-31CE10DA3322}.Release|Any CPU.Build.0 = Release|Any CPU
	EndGlobalSection
	GlobalSection(SolutionProperties) = preSolution
		HideSolutionNode = FALSE
	EndGlobalSection
	GlobalSection(ExtensibilityGlobals) = postSolution
		SolutionGuid = {560F135E-9C35-45B3-BCAC-B55E7F7880E6}
	EndGlobalSection
EndGlobal
